
Microsoft Visual Studio Solution File, Format Version 12.00
# Visual Studio Version 17
VisualStudioVersion = 17.4.33110.190
MinimumVisualStudioVersion = 10.0.40219.1
Project("{FAE04EC0-301F-11D3-BF4B-00C04F79EFBC}") = "AngularProdject_Client", "AngularProdject_Client\AngularProdject_Client.csproj", "{3A5ABF7B-6695-43E2-A880-C7CEFBFD751E}"
EndProject
Project("{FAE04EC0-301F-11D3-BF4B-00C04F79EFBC}") = "AngularProdject_API", "AngularProdject_API\AngularProdject_API.csproj", "{563A552E-D6AF-4755-815C-D438DC29C9E2}"
EndProject
Global
	GlobalSection(SolutionConfigurationPlatforms) = preSolution
		Debug|Any CPU = Debug|Any CPU
		Release|Any CPU = Release|Any CPU
	EndGlobalSection
	GlobalSection(ProjectConfigurationPlatforms) = postSolution
		{3A5ABF7B-6695-43E2-A880-C7CEFBFD751E}.Debug|Any CPU.ActiveCfg = Debug|Any CPU
		{3A5ABF7B-6695-43E2-A880-C7CEFBFD751E}.Debug|Any CPU.Build.0 = Debug|Any CPU
		{3A5ABF7B-6695-43E2-A880-C7CEFBFD751E}.Release|Any CPU.ActiveCfg = Release|Any CPU
		{3A5ABF7B-6695-43E2-A880-C7CEFBFD751E}.Release|Any CPU.Build.0 = Release|Any CPU
		{563A552E-D6AF-4755-815C-D438DC29C9E2}.Debug|Any CPU.ActiveCfg = Debug|Any CPU
		{563A552E-D6AF-4755-815C-D438DC29C9E2}.Debug|Any CPU.Build.0 = Debug|Any CPU
		{563A552E-D6AF-4755-815C-D438DC29C9E2}.Release|Any CPU.ActiveCfg = Release|Any CPU
		{563A552E-D6AF-4755-815C-D438DC29C9E2}.Release|Any CPU.Build.0 = Release|Any CPU
	EndGlobalSection
	GlobalSection(SolutionProperties) = preSolution
		HideSolutionNode = FALSE
	EndGlobalSection
	GlobalSection(ExtensibilityGlobals) = postSolution
		SolutionGuid = {3A1D4799-6607-4C0A-96A6-FE55091802FA}
	EndGlobalSection
EndGlobal
